// !$*UTF8*$!
{
	archiveVersion = 1;
	classes = {
	};
	objectVersion = 55;
	objects = {

/* Begin PBXBuildFile section */
		86B6668328E1693B00D06491 /* iOS_PushNotiApp.swift in Sources */ = {isa = PBXBuildFile; fileRef = 86B6668228E1693B00D06491 /* iOS_PushNotiApp.swift */; };
		86B6668528E1693B00D06491 /* ContentView.swift in Sources */ = {isa = PBXBuildFile; fileRef = 86B6668428E1693B00D06491 /* ContentView.swift */; };
		86B6668728E1693E00D06491 /* Assets.xcassets in Resources */ = {isa = PBXBuildFile; fileRef = 86B6668628E1693E00D06491 /* Assets.xcassets */; };
		86B6668A28E1693E00D06491 /* Preview Assets.xcassets in Resources */ = {isa = PBXBuildFile; fileRef = 86B6668928E1693E00D06491 /* Preview Assets.xcassets */; };
		86B6669428E1693E00D06491 /* iOS_PushNotiTests.swift in Sources */ = {isa = PBXBuildFile; fileRef = 86B6669328E1693E00D06491 /* iOS_PushNotiTests.swift */; };
		86B6669E28E1693E00D06491 /* iOS_PushNotiUITests.swift in Sources */ = {isa = PBXBuildFile; fileRef = 86B6669D28E1693E00D06491 /* iOS_PushNotiUITests.swift */; };
		86B666A028E1693E00D06491 /* iOS_PushNotiUITestsLaunchTests.swift in Sources */ = {isa = PBXBuildFile; fileRef = 86B6669F28E1693E00D06491 /* iOS_PushNotiUITestsLaunchTests.swift */; };
/* End PBXBuildFile section */

/* Begin PBXContainerItemProxy section */
		86B6669028E1693E00D06491 /* PBXContainerItemProxy */ = {
			isa = PBXContainerItemProxy;
			containerPortal = 86B6667728E1693B00D06491 /* Project object */;
			proxyType = 1;
			remoteGlobalIDString = 86B6667E28E1693B00D06491;
			remoteInfo = iOS_PushNoti;
		};
		86B6669A28E1693E00D06491 /* PBXContainerItemProxy */ = {
			isa = PBXContainerItemProxy;
			containerPortal = 86B6667728E1693B00D06491 /* Project object */;
			proxyType = 1;
			remoteGlobalIDString = 86B6667E28E1693B00D06491;
			remoteInfo = iOS_PushNoti;
		};
/* End PBXContainerItemProxy section */

/* Begin PBXFileReference section */
		86B6667F28E1693B00D06491 /* iOS_PushNoti.app */ = {isa = PBXFileReference; explicitFileType = wrapper.application; includeInIndex = 0; path = iOS_PushNoti.app; sourceTree = BUILT_PRODUCTS_DIR; };
		86B6668228E1693B00D06491 /* iOS_PushNotiApp.swift */ = {isa = PBXFileReference; lastKnownFileType = sourcecode.swift; path = iOS_PushNotiApp.swift; sourceTree = "<group>"; };
		86B6668428E1693B00D06491 /* ContentView.swift */ = {isa = PBXFileReference; lastKnownFileType = sourcecode.swift; path = ContentView.swift; sourceTree = "<group>"; };
		86B6668628E1693E00D06491 /* Assets.xcassets */ = {isa = PBXFileReference; lastKnownFileType = folder.assetcatalog; path = Assets.xcassets; sourceTree = "<group>"; };
		86B6668928E1693E00D06491 /* Preview Assets.xcassets */ = {isa = PBXFileReference; lastKnownFileType = folder.assetcatalog; path = "Preview Assets.xcassets"; sourceTree = "<group>"; };
		86B6668F28E1693E00D06491 /* iOS_PushNotiTests.xctest */ = {isa = PBXFileReference; explicitFileType = wrapper.cfbundle; includeInIndex = 0; path = iOS_PushNotiTests.xctest; sourceTree = BUILT_PRODUCTS_DIR; };
		86B6669328E1693E00D06491 /* iOS_PushNotiTests.swift */ = {isa = PBXFileReference; lastKnownFileType = sourcecode.swift; path = iOS_PushNotiTests.swift; sourceTree = "<group>"; };
		86B6669928E1693E00D06491 /* iOS_PushNotiUITests.xctest */ = {isa = PBXFileReference; explicitFileType = wrapper.cfbundle; includeInIndex = 0; path = iOS_PushNotiUITests.xctest; sourceTree = BUILT_PRODUCTS_DIR; };
		86B6669D28E1693E00D06491 /* iOS_PushNotiUITests.swift */ = {isa = PBXFileReference; lastKnownFileType = sourcecode.swift; path = iOS_PushNotiUITests.swift; sourceTree = "<group>"; };
		86B6669F28E1693E00D06491 /* iOS_PushNotiUITestsLaunchTests.swift */ = {isa = PBXFileReference; lastKnownFileType = sourcecode.swift; path = iOS_PushNotiUITestsLaunchTests.swift; sourceTree = "<group>"; };
/* End PBXFileReference section */

/* Begin PBXFrameworksBuildPhase section */
		86B6667C28E1693B00D06491 /* Frameworks */ = {
			isa = PBXFrameworksBuildPhase;
			buildActionMask = 2147483647;
			files = (
			);
			runOnlyForDeploymentPostprocessing = 0;
		};
		86B6668C28E1693E00D06491 /* Frameworks */ = {
			isa = PBXFrameworksBuildPhase;
			buildActionMask = 2147483647;
			files = (
			);
			runOnlyForDeploymentPostprocessing = 0;
		};
		86B6669628E1693E00D06491 /* Frameworks */ = {
			isa = PBXFrameworksBuildPhase;
			buildActionMask = 2147483647;
			files = (
			);
			runOnlyForDeploymentPostprocessing = 0;
		};
/* End PBXFrameworksBuildPhase section */

/* Begin PBXGroup section */
		86B6667628E1693A00D06491 = {
			isa = PBXGroup;
			children = (
				86B6668128E1693B00D06491 /* iOS_PushNoti */,
				86B6669228E1693E00D06491 /* iOS_PushNotiTests */,
				86B6669C28E1693E00D06491 /* iOS_PushNotiUITests */,
				86B6668028E1693B00D06491 /* Products */,
			);
			sourceTree = "<group>";
		};
		86B6668028E1693B00D06491 /* Products */ = {
			isa = PBXGroup;
			children = (
				86B6667F28E1693B00D06491 /* iOS_PushNoti.app */,
				86B6668F28E1693E00D06491 /* iOS_PushNotiTests.xctest */,
				86B6669928E1693E00D06491 /* iOS_PushNotiUITests.xctest */,
			);
			name = Products;
			sourceTree = "<group>";
		};
		86B6668128E1693B00D06491 /* iOS_PushNoti */ = {
			isa = PBXGroup;
			children = (
				86B6668228E1693B00D06491 /* iOS_PushNotiApp.swift */,
				86B6668428E1693B00D06491 /* ContentView.swift */,
				86B6668628E1693E00D06491 /* Assets.xcassets */,
				86B6668828E1693E00D06491 /* Preview Content */,
			);
			path = iOS_PushNoti;
			sourceTree = "<group>";
		};
		86B6668828E1693E00D06491 /* Preview Content */ = {
			isa = PBXGroup;
			children = (
				86B6668928E1693E00D06491 /* Preview Assets.xcassets */,
			);
			path = "Preview Content";
			sourceTree = "<group>";
		};
		86B6669228E1693E00D06491 /* iOS_PushNotiTests */ = {
			isa = PBXGroup;
			children = (
				86B6669328E1693E00D06491 /* iOS_PushNotiTests.swift */,
			);
			path = iOS_PushNotiTests;
			sourceTree = "<group>";
		};
		86B6669C28E1693E00D06491 /* iOS_PushNotiUITests */ = {
			isa = PBXGroup;
			children = (
				86B6669D28E1693E00D06491 /* iOS_PushNotiUITests.swift */,
				86B6669F28E1693E00D06491 /* iOS_PushNotiUITestsLaunchTests.swift */,
			);
			path = iOS_PushNotiUITests;
			sourceTree = "<group>";
		};
/* End PBXGroup section */

/* Begin PBXNativeTarget section */
		86B6667E28E1693B00D06491 /* iOS_PushNoti */ = {
			isa = PBXNativeTarget;
			buildConfigurationList = 86B666A328E1693E00D06491 /* Build configuration list for PBXNativeTarget "iOS_PushNoti" */;
			buildPhases = (
				86B6667B28E1693B00D06491 /* Sources */,
				86B6667C28E1693B00D06491 /* Frameworks */,
				86B6667D28E1693B00D06491 /* Resources */,
			);
			buildRules = (
			);
			dependencies = (
			);
			name = iOS_PushNoti;
			productName = iOS_PushNoti;
			productReference = 86B6667F28E1693B00D06491 /* iOS_PushNoti.app */;
			productType = "com.apple.product-type.application";
		};
		86B6668E28E1693E00D06491 /* iOS_PushNotiTests */ = {
			isa = PBXNativeTarget;
			buildConfigurationList = 86B666A628E1693E00D06491 /* Build configuration list for PBXNativeTarget "iOS_PushNotiTests" */;
			buildPhases = (
				86B6668B28E1693E00D06491 /* Sources */,
				86B6668C28E1693E00D06491 /* Frameworks */,
				86B6668D28E1693E00D06491 /* Resources */,
			);
			buildRules = (
			);
			dependencies = (
				86B6669128E1693E00D06491 /* PBXTargetDependency */,
			);
			name = iOS_PushNotiTests;
			productName = iOS_PushNotiTests;
			productReference = 86B6668F28E1693E00D06491 /* iOS_PushNotiTests.xctest */;
			productType = "com.apple.product-type.bundle.unit-test";
		};
		86B6669828E1693E00D06491 /* iOS_PushNotiUITests */ = {
			isa = PBXNativeTarget;
			buildConfigurationList = 86B666A928E1693E00D06491 /* Build configuration list for PBXNativeTarget "iOS_PushNotiUITests" */;
			buildPhases = (
				86B6669528E1693E00D06491 /* Sources */,
				86B6669628E1693E00D06491 /* Frameworks */,
				86B6669728E1693E00D06491 /* Resources */,
			);
			buildRules = (
			);
			dependencies = (
				86B6669B28E1693E00D06491 /* PBXTargetDependency */,
			);
			name = iOS_PushNotiUITests;
			productName = iOS_PushNotiUITests;
			productReference = 86B6669928E1693E00D06491 /* iOS_PushNotiUITests.xctest */;
			productType = "com.apple.product-type.bundle.ui-testing";
		};
/* End PBXNativeTarget section */

/* Begin PBXProject section */
		86B6667728E1693B00D06491 /* Project object */ = {
			isa = PBXProject;
			attributes = {
				BuildIndependentTargetsInParallel = 1;
				LastSwiftUpdateCheck = 1340;
				LastUpgradeCheck = 1340;
				TargetAttributes = {
					86B6667E28E1693B00D06491 = {
						CreatedOnToolsVersion = 13.4;
					};
					86B6668E28E1693E00D06491 = {
						CreatedOnToolsVersion = 13.4;
						TestTargetID = 86B6667E28E1693B00D06491;
					};
					86B6669828E1693E00D06491 = {
						CreatedOnToolsVersion = 13.4;
						TestTargetID = 86B6667E28E1693B00D06491;
					};
				};
			};
			buildConfigurationList = 86B6667A28E1693B00D06491 /* Build configuration list for PBXProject "iOS_PushNoti" */;
			compatibilityVersion = "Xcode 13.0";
			developmentRegion = en;
			hasScannedForEncodings = 0;
			knownRegions = (
				en,
				Base,
			);
			mainGroup = 86B6667628E1693A00D06491;
			productRefGroup = 86B6668028E1693B00D06491 /* Products */;
			projectDirPath = "";
			projectRoot = "";
			targets = (
				86B6667E28E1693B00D06491 /* iOS_PushNoti */,
				86B6668E28E1693E00D06491 /* iOS_PushNotiTests */,
				86B6669828E1693E00D06491 /* iOS_PushNotiUITests */,
			);
		};
/* End PBXProject section */

/* Begin PBXResourcesBuildPhase section */
		86B6667D28E1693B00D06491 /* Resources */ = {
			isa = PBXResourcesBuildPhase;
			buildActionMask = 2147483647;
			files = (
				86B6668A28E1693E00D06491 /* Preview Assets.xcassets in Resources */,
				86B6668728E1693E00D06491 /* Assets.xcassets in Resources */,
			);
			runOnlyForDeploymentPostprocessing = 0;
		};
		86B6668D28E1693E00D06491 /* Resources */ = {
			isa = PBXResourcesBuildPhase;
			buildActionMask = 2147483647;
			files = (
			);
			runOnlyForDeploymentPostprocessing = 0;
		};
		86B6669728E1693E00D06491 /* Resources */ = {
			isa = PBXResourcesBuildPhase;
			buildActionMask = 2147483647;
			files = (
			);
			runOnlyForDeploymentPostprocessing = 0;
		};
/* End PBXResourcesBuildPhase section */

/* Begin PBXSourcesBuildPhase section */
		86B6667B28E1693B00D06491 /* Sources */ = {
			isa = PBXSourcesBuildPhase;
			buildActionMask = 2147483647;
			files = (
				86B6668528E1693B00D06491 /* ContentView.swift in Sources */,
				86B6668328E1693B00D06491 /* iOS_PushNotiApp.swift in Sources */,
			);
			runOnlyForDeploymentPostprocessing = 0;
		};
		86B6668B28E1693E00D06491 /* Sources */ = {
			isa = PBXSourcesBuildPhase;
			buildActionMask = 2147483647;
			files = (
				86B6669428E1693E00D06491 /* iOS_PushNotiTests.swift in Sources */,
			);
			runOnlyForDeploymentPostprocessing = 0;
		};
		86B6669528E1693E00D06491 /* Sources */ = {
			isa = PBXSourcesBuildPhase;
			buildActionMask = 2147483647;
			files = (
				86B666A028E1693E00D06491 /* iOS_PushNotiUITestsLaunchTests.swift in Sources */,
				86B6669E28E1693E00D06491 /* iOS_PushNotiUITests.swift in Sources */,
			);
			runOnlyForDeploymentPostprocessing = 0;
		};
/* End PBXSourcesBuildPhase section */

/* Begin PBXTargetDependency section */
		86B6669128E1693E00D06491 /* PBXTargetDependency */ = {
			isa = PBXTargetDependency;
			target = 86B6667E28E1693B00D06491 /* iOS_PushNoti */;
			targetProxy = 86B6669028E1693E00D06491 /* PBXContainerItemProxy */;
		};
		86B6669B28E1693E00D06491 /* PBXTargetDependency */ = {
			isa = PBXTargetDependency;
			target = 86B6667E28E1693B00D06491 /* iOS_PushNoti */;
			targetProxy = 86B6669A28E1693E00D06491 /* PBXContainerItemProxy */;
		};
/* End PBXTargetDependency section */

/* Begin XCBuildConfiguration section */
		86B666A128E1693E00D06491 /* Debug */ = {
			isa = XCBuildConfiguration;
			buildSettings = {
				ALWAYS_SEARCH_USER_PATHS = NO;
				CLANG_ANALYZER_NONNULL = YES;
				CLANG_ANALYZER_NUMBER_OBJECT_CONVERSION = YES_AGGRESSIVE;
				CLANG_CXX_LANGUAGE_STANDARD = "gnu++17";
				CLANG_ENABLE_MODULES = YES;
				CLANG_ENABLE_OBJC_ARC = YES;
				CLANG_ENABLE_OBJC_WEAK = YES;
				CLANG_WARN_BLOCK_CAPTURE_AUTORELEASING = YES;
				CLANG_WARN_BOOL_CONVERSION = YES;
				CLANG_WARN_COMMA = YES;
				CLANG_WARN_CONSTANT_CONVERSION = YES;
				CLANG_WARN_DEPRECATED_OBJC_IMPLEMENTATIONS = YES;
				CLANG_WARN_DIRECT_OBJC_ISA_USAGE = YES_ERROR;
				CLANG_WARN_DOCUMENTATION_COMMENTS = YES;
				CLANG_WARN_EMPTY_BODY = YES;
				CLANG_WARN_ENUM_CONVERSION = YES;
				CLANG_WARN_INFINITE_RECURSION = YES;
				CLANG_WARN_INT_CONVERSION = YES;
				CLANG_WARN_NON_LITERAL_NULL_CONVERSION = YES;
				CLANG_WARN_OBJC_IMPLICIT_RETAIN_SELF = YES;
				CLANG_WARN_OBJC_LITERAL_CONVERSION = YES;
				CLANG_WARN_OBJC_ROOT_CLASS = YES_ERROR;
				CLANG_WARN_QUOTED_INCLUDE_IN_FRAMEWORK_HEADER = YES;
				CLANG_WARN_RANGE_LOOP_ANALYSIS = YES;
				CLANG_WARN_STRICT_PROTOTYPES = YES;
				CLANG_WARN_SUSPICIOUS_MOVE = YES;
				CLANG_WARN_UNGUARDED_AVAILABILITY = YES_AGGRESSIVE;
				CLANG_WARN_UNREACHABLE_CODE = YES;
				CLANG_WARN__DUPLICATE_METHOD_MATCH = YES;
				COPY_PHASE_STRIP = NO;
				DEBUG_INFORMATION_FORMAT = dwarf;
				ENABLE_STRICT_OBJC_MSGSEND = YES;
				ENABLE_TESTABILITY = YES;
				GCC_C_LANGUAGE_STANDARD = gnu11;
				GCC_DYNAMIC_NO_PIC = NO;
				GCC_NO_COMMON_BLOCKS = YES;
				GCC_OPTIMIZATION_LEVEL = 0;
				GCC_PREPROCESSOR_DEFINITIONS = (
					"DEBUG=1",
					"$(inherited)",
				);
				GCC_WARN_64_TO_32_BIT_CONVERSION = YES;
				GCC_WARN_ABOUT_RETURN_TYPE = YES_ERROR;
				GCC_WARN_UNDECLARED_SELECTOR = YES;
				GCC_WARN_UNINITIALIZED_AUTOS = YES_AGGRESSIVE;
				GCC_WARN_UNUSED_FUNCTION = YES;
				GCC_WARN_UNUSED_VARIABLE = YES;
				IPHONEOS_DEPLOYMENT_TARGET = 15.5;
				MTL_ENABLE_DEBUG_INFO = INCLUDE_SOURCE;
				MTL_FAST_MATH = YES;
				ONLY_ACTIVE_ARCH = YES;
				SDKROOT = iphoneos;
				SWIFT_ACTIVE_COMPILATION_CONDITIONS = DEBUG;
				SWIFT_OPTIMIZATION_LEVEL = "-Onone";
			};
			name = Debug;
		};
		86B666A228E1693E00D06491 /* Release */ = {
			isa = XCBuildConfiguration;
			buildSettings = {
				ALWAYS_SEARCH_USER_PATHS = NO;
				CLANG_ANALYZER_NONNULL = YES;
				CLANG_ANALYZER_NUMBER_OBJECT_CONVERSION = YES_AGGRESSIVE;
				CLANG_CXX_LANGUAGE_STANDARD = "gnu++17";
				CLANG_ENABLE_MODULES = YES;
				CLANG_ENABLE_OBJC_ARC = YES;
				CLANG_ENABLE_OBJC_WEAK = YES;
				CLANG_WARN_BLOCK_CAPTURE_AUTORELEASING = YES;
				CLANG_WARN_BOOL_CONVERSION = YES;
				CLANG_WARN_COMMA = YES;
				CLANG_WARN_CONSTANT_CONVERSION = YES;
				CLANG_WARN_DEPRECATED_OBJC_IMPLEMENTATIONS = YES;
				CLANG_WARN_DIRECT_OBJC_ISA_USAGE = YES_ERROR;
				CLANG_WARN_DOCUMENTATION_COMMENTS = YES;
				CLANG_WARN_EMPTY_BODY = YES;
				CLANG_WARN_ENUM_CONVERSION = YES;
				CLANG_WARN_INFINITE_RECURSION = YES;
				CLANG_WARN_INT_CONVERSION = YES;
				CLANG_WARN_NON_LITERAL_NULL_CONVERSION = YES;
				CLANG_WARN_OBJC_IMPLICIT_RETAIN_SELF = YES;
				CLANG_WARN_OBJC_LITERAL_CONVERSION = YES;
				CLANG_WARN_OBJC_ROOT_CLASS = YES_ERROR;
				CLANG_WARN_QUOTED_INCLUDE_IN_FRAMEWORK_HEADER = YES;
				CLANG_WARN_RANGE_LOOP_ANALYSIS = YES;
				CLANG_WARN_STRICT_PROTOTYPES = YES;
				CLANG_WARN_SUSPICIOUS_MOVE = YES;
				CLANG_WARN_UNGUARDED_AVAILABILITY = YES_AGGRESSIVE;
				CLANG_WARN_UNREACHABLE_CODE = YES;
				CLANG_WARN__DUPLICATE_METHOD_MATCH = YES;
				COPY_PHASE_STRIP = NO;
				DEBUG_INFORMATION_FORMAT = "dwarf-with-dsym";
				ENABLE_NS_ASSERTIONS = NO;
				ENABLE_STRICT_OBJC_MSGSEND = YES;
				GCC_C_LANGUAGE_STANDARD = gnu11;
				GCC_NO_COMMON_BLOCKS = YES;
				GCC_WARN_64_TO_32_BIT_CONVERSION = YES;
				GCC_WARN_ABOUT_RETURN_TYPE = YES_ERROR;
				GCC_WARN_UNDECLARED_SELECTOR = YES;
				GCC_WARN_UNINITIALIZED_AUTOS = YES_AGGRESSIVE;
				GCC_WARN_UNUSED_FUNCTION = YES;
				GCC_WARN_UNUSED_VARIABLE = YES;
				IPHONEOS_DEPLOYMENT_TARGET = 15.5;
				MTL_ENABLE_DEBUG_INFO = NO;
				MTL_FAST_MATH = YES;
				SDKROOT = iphoneos;
				SWIFT_COMPILATION_MODE = wholemodule;
				SWIFT_OPTIMIZATION_LEVEL = "-O";
				VALIDATE_PRODUCT = YES;
			};
			name = Release;
		};
		86B666A428E1693E00D06491 /* Debug */ = {
			isa = XCBuildConfiguration;
			buildSettings = {
				ASSETCATALOG_COMPILER_APPICON_NAME = AppIcon;
				ASSETCATALOG_COMPILER_GLOBAL_ACCENT_COLOR_NAME = AccentColor;
				CODE_SIGN_STYLE = Automatic;
				CURRENT_PROJECT_VERSION = 1;
				DEVELOPMENT_ASSET_PATHS = "\"iOS_PushNoti/Preview Content\"";
				DEVELOPMENT_TEAM = 3R7XZ6SCLH;
				ENABLE_PREVIEWS = YES;
				GENERATE_INFOPLIST_FILE = YES;
				INFOPLIST_KEY_UIApplicationSceneManifest_Generation = YES;
				INFOPLIST_KEY_UIApplicationSupportsIndirectInputEvents = YES;
				INFOPLIST_KEY_UILaunchScreen_Generation = YES;
				INFOPLIST_KEY_UISupportedInterfaceOrientations_iPad = "UIInterfaceOrientationPortrait UIInterfaceOrientationPortraitUpsideDown UIInterfaceOrientationLandscapeLeft UIInterfaceOrientationLandscapeRight";
				INFOPLIST_KEY_UISupportedInterfaceOrientations_iPhone = "UIInterfaceOrientationPortrait UIInterfaceOrientationLandscapeLeft UIInterfaceOrientationLandscapeRight";
				LD_RUNPATH_SEARCH_PATHS = (
					"$(inherited)",
					"@executable_path/Frameworks",
				);
				MARKETING_VERSION = 1.0;
				PRODUCT_BUNDLE_IDENTIFIER = "Minion.iOS-PushNoti";
				PRODUCT_NAME = "$(TARGET_NAME)";
				SWIFT_EMIT_LOC_STRINGS = YES;
				SWIFT_VERSION = 5.0;
				TARGETED_DEVICE_FAMILY = "1,2";
			};
			name = Debug;
		};
		86B666A528E1693E00D06491 /* Release */ = {
			isa = XCBuildConfiguration;
			buildSettings = {
				ASSETCATALOG_COMPILER_APPICON_NAME = AppIcon;
				ASSETCATALOG_COMPILER_GLOBAL_ACCENT_COLOR_NAME = AccentColor;
				CODE_SIGN_STYLE = Automatic;
				CURRENT_PROJECT_VERSION = 1;
				DEVELOPMENT_ASSET_PATHS = "\"iOS_PushNoti/Preview Content\"";
				DEVELOPMENT_TEAM = 3R7XZ6SCLH;
				ENABLE_PREVIEWS = YES;
				GENERATE_INFOPLIST_FILE = YES;
				INFOPLIST_KEY_UIApplicationSceneManifest_Generation = YES;
				INFOPLIST_KEY_UIApplicationSupportsIndirectInputEvents = YES;
				INFOPLIST_KEY_UILaunchScreen_Generation = YES;
				INFOPLIST_KEY_UISupportedInterfaceOrientations_iPad = "UIInterfaceOrientationPortrait UIInterfaceOrientationPortraitUpsideDown UIInterfaceOrientationLandscapeLeft UIInterfaceOrientationLandscapeRight";
				INFOPLIST_KEY_UISupportedInterfaceOrientations_iPhone = "UIInterfaceOrientationPortrait UIInterfaceOrientationLandscapeLeft UIInterfaceOrientationLandscapeRight";
				LD_RUNPATH_SEARCH_PATHS = (
					"$(inherited)",
					"@executable_path/Frameworks",
				);
				MARKETING_VERSION = 1.0;
				PRODUCT_BUNDLE_IDENTIFIER = "Minion.iOS-PushNoti";
				PRODUCT_NAME = "$(TARGET_NAME)";
				SWIFT_EMIT_LOC_STRINGS = YES;
				SWIFT_VERSION = 5.0;
				TARGETED_DEVICE_FAMILY = "1,2";
			};
			name = Release;
		};
		86B666A728E1693E00D06491 /* Debug */ = {
			isa = XCBuildConfiguration;
			buildSettings = {
				ALWAYS_EMBED_SWIFT_STANDARD_LIBRARIES = YES;
				BUNDLE_LOADER = "$(TEST_HOST)";
				CODE_SIGN_STYLE = Automatic;
				CURRENT_PROJECT_VERSION = 1;
				DEVELOPMENT_TEAM = 3R7XZ6SCLH;
				GENERATE_INFOPLIST_FILE = YES;
				IPHONEOS_DEPLOYMENT_TARGET = 15.5;
				MARKETING_VERSION = 1.0;
				PRODUCT_BUNDLE_IDENTIFIER = "Minion.iOS-PushNotiTests";
				PRODUCT_NAME = "$(TARGET_NAME)";
				SWIFT_EMIT_LOC_STRINGS = NO;
				SWIFT_VERSION = 5.0;
				TARGETED_DEVICE_FAMILY = "1,2";
				TEST_HOST = "$(BUILT_PRODUCTS_DIR)/iOS_PushNoti.app/iOS_PushNoti";
			};
			name = Debug;
		};
		86B666A828E1693E00D06491 /* Release */ = {
			isa = XCBuildConfiguration;
			buildSettings = {
				ALWAYS_EMBED_SWIFT_STANDARD_LIBRARIES = YES;
				BUNDLE_LOADER = "$(TEST_HOST)";
				CODE_SIGN_STYLE = Automatic;
				CURRENT_PROJECT_VERSION = 1;
				DEVELOPMENT_TEAM = 3R7XZ6SCLH;
				GENERATE_INFOPLIST_FILE = YES;
				IPHONEOS_DEPLOYMENT_TARGET = 15.5;
				MARKETING_VERSION = 1.0;
				PRODUCT_BUNDLE_IDENTIFIER = "Minion.iOS-PushNotiTests";
				PRODUCT_NAME = "$(TARGET_NAME)";
				SWIFT_EMIT_LOC_STRINGS = NO;
				SWIFT_VERSION = 5.0;
				TARGETED_DEVICE_FAMILY = "1,2";
				TEST_HOST = "$(BUILT_PRODUCTS_DIR)/iOS_PushNoti.app/iOS_PushNoti";
			};
			name = Release;
		};
		86B666AA28E1693E00D06491 /* Debug */ = {
			isa = XCBuildConfiguration;
			buildSettings = {
				ALWAYS_EMBED_SWIFT_STANDARD_LIBRARIES = YES;
				CODE_SIGN_STYLE = Automatic;
				CURRENT_PROJECT_VERSION = 1;
				DEVELOPMENT_TEAM = 3R7XZ6SCLH;
				GENERATE_INFOPLIST_FILE = YES;
				MARKETING_VERSION = 1.0;
				PRODUCT_BUNDLE_IDENTIFIER = "Minion.iOS-PushNotiUITests";
				PRODUCT_NAME = "$(TARGET_NAME)";
				SWIFT_EMIT_LOC_STRINGS = NO;
				SWIFT_VERSION = 5.0;
				TARGETED_DEVICE_FAMILY = "1,2";
				TEST_TARGET_NAME = iOS_PushNoti;
			};
			name = Debug;
		};
		86B666AB28E1693E00D06491 /* Release */ = {
			isa = XCBuildConfiguration;
			buildSettings = {
				ALWAYS_EMBED_SWIFT_STANDARD_LIBRARIES = YES;
				CODE_SIGN_STYLE = Automatic;
				CURRENT_PROJECT_VERSION = 1;
				DEVELOPMENT_TEAM = 3R7XZ6SCLH;
				GENERATE_INFOPLIST_FILE = YES;
				MARKETING_VERSION = 1.0;
				PRODUCT_BUNDLE_IDENTIFIER = "Minion.iOS-PushNotiUITests";
				PRODUCT_NAME = "$(TARGET_NAME)";
				SWIFT_EMIT_LOC_STRINGS = NO;
				SWIFT_VERSION = 5.0;
				TARGETED_DEVICE_FAMILY = "1,2";
				TEST_TARGET_NAME = iOS_PushNoti;
			};
			name = Release;
		};
/* End XCBuildConfiguration section */

/* Begin XCConfigurationList section */
		86B6667A28E1693B00D06491 /* Build configuration list for PBXProject "iOS_PushNoti" */ = {
			isa = XCConfigurationList;
			buildConfigurations = (
				86B666A128E1693E00D06491 /* Debug */,
				86B666A228E1693E00D06491 /* Release */,
			);
			defaultConfigurationIsVisible = 0;
			defaultConfigurationName = Release;
		};
		86B666A328E1693E00D06491 /* Build configuration list for PBXNativeTarget "iOS_PushNoti" */ = {
			isa = XCConfigurationList;
			buildConfigurations = (
				86B666A428E1693E00D06491 /* Debug */,
				86B666A528E1693E00D06491 /* Release */,
			);
			defaultConfigurationIsVisible = 0;
			defaultConfigurationName = Release;
		};
		86B666A628E1693E00D06491 /* Build configuration list for PBXNativeTarget "iOS_PushNotiTests" */ = {
			isa = XCConfigurationList;
			buildConfigurations = (
				86B666A728E1693E00D06491 /* Debug */,
				86B666A828E1693E00D06491 /* Release */,
			);
			defaultConfigurationIsVisible = 0;
			defaultConfigurationName = Release;
		};
		86B666A928E1693E00D06491 /* Build configuration list for PBXNativeTarget "iOS_PushNotiUITests" */ = {
			isa = XCConfigurationList;
			buildConfigurations = (
				86B666AA28E1693E00D06491 /* Debug */,
				86B666AB28E1693E00D06491 /* Release */,
			);
			defaultConfigurationIsVisible = 0;
			defaultConfigurationName = Release;
		};
/* End XCConfigurationList section */
	};
	rootObject = 86B6667728E1693B00D06491 /* Project object */;
}
